// !$*UTF8*$!
{
	archiveVersion = 1;
	classes = {
	};
	objectVersion = 50;
	objects = {

/* Begin PBXBuildFile section */
		1BC5938825F217FB005910CF /* AppDelegate.swift in Sources */ = {isa = PBXBuildFile; fileRef = 1BC5938725F217FB005910CF /* AppDelegate.swift */; };
		1BC5938A25F217FB005910CF /* SceneDelegate.swift in Sources */ = {isa = PBXBuildFile; fileRef = 1BC5938925F217FB005910CF /* SceneDelegate.swift */; };
		1BC5938C25F217FB005910CF /* ViewController.swift in Sources */ = {isa = PBXBuildFile; fileRef = 1BC5938B25F217FB005910CF /* ViewController.swift */; };
		1BC5938F25F217FB005910CF /* Main.storyboard in Resources */ = {isa = PBXBuildFile; fileRef = 1BC5938D25F217FB005910CF /* Main.storyboard */; };
		1BC5939125F21802005910CF /* Assets.xcassets in Resources */ = {isa = PBXBuildFile; fileRef = 1BC5939025F21802005910CF /* Assets.xcassets */; };
		1BC5939425F21802005910CF /* LaunchScreen.storyboard in Resources */ = {isa = PBXBuildFile; fileRef = 1BC5939225F21802005910CF /* LaunchScreen.storyboard */; };
		1BC5939E25F2EA8E005910CF /* AView.swift in Sources */ = {isa = PBXBuildFile; fileRef = 1BC5939D25F2EA8E005910CF /* AView.swift */; };
/* End PBXBuildFile section */

/* Begin PBXFileReference section */
		1BC5938425F217FB005910CF /* customdrawing.app */ = {isa = PBXFileReference; explicitFileType = wrapper.application; includeInIndex = 0; path = customdrawing.app; sourceTree = BUILT_PRODUCTS_DIR; };
		1BC5938725F217FB005910CF /* AppDelegate.swift */ = {isa = PBXFileReference; lastKnownFileType = sourcecode.swift; path = AppDelegate.swift; sourceTree = "<group>"; };
		1BC5938925F217FB005910CF /* SceneDelegate.swift */ = {isa = PBXFileReference; lastKnownFileType = sourcecode.swift; path = SceneDelegate.swift; sourceTree = "<group>"; };
		1BC5938B25F217FB005910CF /* ViewController.swift */ = {isa = PBXFileReference; lastKnownFileType = sourcecode.swift; path = ViewController.swift; sourceTree = "<group>"; };
		1BC5938E25F217FB005910CF /* Base */ = {isa = PBXFileReference; lastKnownFileType = file.storyboard; name = Base; path = Base.lproj/Main.storyboard; sourceTree = "<group>"; };
		1BC5939025F21802005910CF /* Assets.xcassets */ = {isa = PBXFileReference; lastKnownFileType = folder.assetcatalog; path = Assets.xcassets; sourceTree = "<group>"; };
		1BC5939325F21802005910CF /* Base */ = {isa = PBXFileReference; lastKnownFileType = file.storyboard; name = Base; path = Base.lproj/LaunchScreen.storyboard; sourceTree = "<group>"; };
		1BC5939525F21802005910CF /* Info.plist */ = {isa = PBXFileReference; lastKnownFileType = text.plist.xml; path = Info.plist; sourceTree = "<group>"; };
		1BC5939D25F2EA8E005910CF /* AView.swift */ = {isa = PBXFileReference; lastKnownFileType = sourcecode.swift; path = AView.swift; sourceTree = "<group>"; };
/* End PBXFileReference section */

/* Begin PBXFrameworksBuildPhase section */
		1BC5938125F217FA005910CF /* Frameworks */ = {
			isa = PBXFrameworksBuildPhase;
			buildActionMask = 2147483647;
			files = (
			);
			runOnlyForDeploymentPostprocessing = 0;
		};
/* End PBXFrameworksBuildPhase section */

/* Begin PBXGroup section */
		1BC5937B25F217FA005910CF = {
			isa = PBXGroup;
			children = (
				1BC5938625F217FB005910CF /* customdrawing */,
				1BC5938525F217FB005910CF /* Products */,
			);
			sourceTree = "<group>";
		};
		1BC5938525F217FB005910CF /* Products */ = {
			isa = PBXGroup;
			children = (
				1BC5938425F217FB005910CF /* customdrawing.app */,
			);
			name = Products;
			sourceTree = "<group>";
		};
		1BC5938625F217FB005910CF /* customdrawing */ = {
			isa = PBXGroup;
			children = (
				1BC5938725F217FB005910CF /* AppDelegate.swift */,
				1BC5938925F217FB005910CF /* SceneDelegate.swift */,
				1BC5938B25F217FB005910CF /* ViewController.swift */,
				1BC5939D25F2EA8E005910CF /* AView.swift */,
				1BC5938D25F217FB005910CF /* Main.storyboard */,
				1BC5939025F21802005910CF /* Assets.xcassets */,
				1BC5939225F21802005910CF /* LaunchScreen.storyboard */,
				1BC5939525F21802005910CF /* Info.plist */,
			);
			path = customdrawing;
			sourceTree = "<group>";
		};
/* End PBXGroup section */

/* Begin PBXNativeTarget section */
		1BC5938325F217FA005910CF /* customdrawing */ = {
			isa = PBXNativeTarget;
			buildConfigurationList = 1BC5939825F21802005910CF /* Build configuration list for PBXNativeTarget "customdrawing" */;
			buildPhases = (
				1BC5938025F217FA005910CF /* Sources */,
				1BC5938125F217FA005910CF /* Frameworks */,
				1BC5938225F217FA005910CF /* Resources */,
			);
			buildRules = (
			);
			dependencies = (
			);
			name = customdrawing;
			productName = customdrawing;
			productReference = 1BC5938425F217FB005910CF /* customdrawing.app */;
			productType = "com.apple.product-type.application";
		};
/* End PBXNativeTarget section */

/* Begin PBXProject section */
		1BC5937C25F217FA005910CF /* Project object */ = {
			isa = PBXProject;
			attributes = {
				LastSwiftUpdateCheck = 1130;
				LastUpgradeCheck = 1130;
				ORGANIZATIONNAME = "Nazlı Güler";
				TargetAttributes = {
					1BC5938325F217FA005910CF = {
						CreatedOnToolsVersion = 11.3.1;
					};
				};
			};
			buildConfigurationList = 1BC5937F25F217FA005910CF /* Build configuration list for PBXProject "customdrawing" */;
			compatibilityVersion = "Xcode 9.3";
			developmentRegion = en;
			hasScannedForEncodings = 0;
			knownRegions = (
				en,
				Base,
			);
			mainGroup = 1BC5937B25F217FA005910CF;
			productRefGroup = 1BC5938525F217FB005910CF /* Products */;
			projectDirPath = "";
			projectRoot = "";
			targets = (
				1BC5938325F217FA005910CF /* customdrawing */,
			);
		};
/* End PBXProject section */

/* Begin PBXResourcesBuildPhase section */
		1BC5938225F217FA005910CF /* Resources */ = {
			isa = PBXResourcesBuildPhase;
			buildActionMask = 2147483647;
			files = (
				1BC5939425F21802005910CF /* LaunchScreen.storyboard in Resources */,
				1BC5939125F21802005910CF /* Assets.xcassets in Resources */,
				1BC5938F25F217FB005910CF /* Main.storyboard in Resources */,
			);
			runOnlyForDeploymentPostprocessing = 0;
		};
/* End PBXResourcesBuildPhase section */

/* Begin PBXSourcesBuildPhase section */
		1BC5938025F217FA005910CF /* Sources */ = {
			isa = PBXSourcesBuildPhase;
			buildActionMask = 2147483647;
			files = (
				1BC5938C25F217FB005910CF /* ViewController.swift in Sources */,
				1BC5938825F217FB005910CF /* AppDelegate.swift in Sources */,
				1BC5939E25F2EA8E005910CF /* AView.swift in Sources */,
				1BC5938A25F217FB005910CF /* SceneDelegate.swift in Sources */,
			);
			runOnlyForDeploymentPostprocessing = 0;
		};
/* End PBXSourcesBuildPhase section */

/* Begin PBXVariantGroup section */
		1BC5938D25F217FB005910CF /* Main.storyboard */ = {
			isa = PBXVariantGroup;
			children = (
				1BC5938E25F217FB005910CF /* Base */,
			);
			name = Main.storyboard;
			sourceTree = "<group>";
		};
		1BC5939225F21802005910CF /* LaunchScreen.storyboard */ = {
			isa = PBXVariantGroup;
			children = (
				1BC5939325F21802005910CF /* Base */,
			);
			name = LaunchScreen.storyboard;
			sourceTree = "<group>";
		};
/* End PBXVariantGroup section */

/* Begin XCBuildConfiguration section */
		1BC5939625F21802005910CF /* Debug */ = {
			isa = XCBuildConfiguration;
			buildSettings = {
				ALWAYS_SEARCH_USER_PATHS = NO;
				CLANG_ANALYZER_NONNULL = YES;
				CLANG_ANALYZER_NUMBER_OBJECT_CONVERSION = YES_AGGRESSIVE;
				CLANG_CXX_LANGUAGE_STANDARD = "gnu++14";
				CLANG_CXX_LIBRARY = "libc++";
				CLANG_ENABLE_MODULES = YES;
				CLANG_ENABLE_OBJC_ARC = YES;
				CLANG_ENABLE_OBJC_WEAK = YES;
				CLANG_WARN_BLOCK_CAPTURE_AUTORELEASING = YES;
				CLANG_WARN_BOOL_CONVERSION = YES;
				CLANG_WARN_COMMA = YES;
				CLANG_WARN_CONSTANT_CONVERSION = YES;
				CLANG_WARN_DEPRECATED_OBJC_IMPLEMENTATIONS = YES;
				CLANG_WARN_DIRECT_OBJC_ISA_USAGE = YES_ERROR;
				CLANG_WARN_DOCUMENTATION_COMMENTS = YES;
				CLANG_WARN_EMPTY_BODY = YES;
				CLANG_WARN_ENUM_CONVERSION = YES;
				CLANG_WARN_INFINITE_RECURSION = YES;
				CLANG_WARN_INT_CONVERSION = YES;
				CLANG_WARN_NON_LITERAL_NULL_CONVERSION = YES;
				CLANG_WARN_OBJC_IMPLICIT_RETAIN_SELF = YES;
				CLANG_WARN_OBJC_LITERAL_CONVERSION = YES;
				CLANG_WARN_OBJC_ROOT_CLASS = YES_ERROR;
				CLANG_WARN_RANGE_LOOP_ANALYSIS = YES;
				CLANG_WARN_STRICT_PROTOTYPES = YES;
				CLANG_WARN_SUSPICIOUS_MOVE = YES;
				CLANG_WARN_UNGUARDED_AVAILABILITY = YES_AGGRESSIVE;
				CLANG_WARN_UNREACHABLE_CODE = YES;
				CLANG_WARN__DUPLICATE_METHOD_MATCH = YES;
				COPY_PHASE_STRIP = NO;
				DEBUG_INFORMATION_FORMAT = dwarf;
				ENABLE_STRICT_OBJC_MSGSEND = YES;
				ENABLE_TESTABILITY = YES;
				GCC_C_LANGUAGE_STANDARD = gnu11;
				GCC_DYNAMIC_NO_PIC = NO;
				GCC_NO_COMMON_BLOCKS = YES;
				GCC_OPTIMIZATION_LEVEL = 0;
				GCC_PREPROCESSOR_DEFINITIONS = (
					"DEBUG=1",
					"$(inherited)",
				);
				GCC_WARN_64_TO_32_BIT_CONVERSION = YES;
				GCC_WARN_ABOUT_RETURN_TYPE = YES_ERROR;
				GCC_WARN_UNDECLARED_SELECTOR = YES;
				GCC_WARN_UNINITIALIZED_AUTOS = YES_AGGRESSIVE;
				GCC_WARN_UNUSED_FUNCTION = YES;
				GCC_WARN_UNUSED_VARIABLE = YES;
				IPHONEOS_DEPLOYMENT_TARGET = 13.2;
				MTL_ENABLE_DEBUG_INFO = INCLUDE_SOURCE;
				MTL_FAST_MATH = YES;
				ONLY_ACTIVE_ARCH = YES;
				SDKROOT = iphoneos;
				SWIFT_ACTIVE_COMPILATION_CONDITIONS = DEBUG;
				SWIFT_OPTIMIZATION_LEVEL = "-Onone";
			};
			name = Debug;
		};
		1BC5939725F21802005910CF /* Release */ = {
			isa = XCBuildConfiguration;
			buildSettings = {
				ALWAYS_SEARCH_USER_PATHS = NO;
				CLANG_ANALYZER_NONNULL = YES;
				CLANG_ANALYZER_NUMBER_OBJECT_CONVERSION = YES_AGGRESSIVE;
				CLANG_CXX_LANGUAGE_STANDARD = "gnu++14";
				CLANG_CXX_LIBRARY = "libc++";
				CLANG_ENABLE_MODULES = YES;
				CLANG_ENABLE_OBJC_ARC = YES;
				CLANG_ENABLE_OBJC_WEAK = YES;
				CLANG_WARN_BLOCK_CAPTURE_AUTORELEASING = YES;
				CLANG_WARN_BOOL_CONVERSION = YES;
				CLANG_WARN_COMMA = YES;
				CLANG_WARN_CONSTANT_CONVERSION = YES;
				CLANG_WARN_DEPRECATED_OBJC_IMPLEMENTATIONS = YES;
				CLANG_WARN_DIRECT_OBJC_ISA_USAGE = YES_ERROR;
				CLANG_WARN_DOCUMENTATION_COMMENTS = YES;
				CLANG_WARN_EMPTY_BODY = YES;
				CLANG_WARN_ENUM_CONVERSION = YES;
				CLANG_WARN_INFINITE_RECURSION = YES;
				CLANG_WARN_INT_CONVERSION = YES;
				CLANG_WARN_NON_LITERAL_NULL_CONVERSION = YES;
				CLANG_WARN_OBJC_IMPLICIT_RETAIN_SELF = YES;
				CLANG_WARN_OBJC_LITERAL_CONVERSION = YES;
				CLANG_WARN_OBJC_ROOT_CLASS = YES_ERROR;
				CLANG_WARN_RANGE_LOOP_ANALYSIS = YES;
				CLANG_WARN_STRICT_PROTOTYPES = YES;
				CLANG_WARN_SUSPICIOUS_MOVE = YES;
				CLANG_WARN_UNGUARDED_AVAILABILITY = YES_AGGRESSIVE;
				CLANG_WARN_UNREACHABLE_CODE = YES;
				CLANG_WARN__DUPLICATE_METHOD_MATCH = YES;
				COPY_PHASE_STRIP = NO;
				DEBUG_INFORMATION_FORMAT = "dwarf-with-dsym";
				ENABLE_NS_ASSERTIONS = NO;
				ENABLE_STRICT_OBJC_MSGSEND = YES;
				GCC_C_LANGUAGE_STANDARD = gnu11;
				GCC_NO_COMMON_BLOCKS = YES;
				GCC_WARN_64_TO_32_BIT_CONVERSION = YES;
				GCC_WARN_ABOUT_RETURN_TYPE = YES_ERROR;
				GCC_WARN_UNDECLARED_SELECTOR = YES;
				GCC_WARN_UNINITIALIZED_AUTOS = YES_AGGRESSIVE;
				GCC_WARN_UNUSED_FUNCTION = YES;
				GCC_WARN_UNUSED_VARIABLE = YES;
				IPHONEOS_DEPLOYMENT_TARGET = 13.2;
				MTL_ENABLE_DEBUG_INFO = NO;
				MTL_FAST_MATH = YES;
				SDKROOT = iphoneos;
				SWIFT_COMPILATION_MODE = wholemodule;
				SWIFT_OPTIMIZATION_LEVEL = "-O";
				VALIDATE_PRODUCT = YES;
			};
			name = Release;
		};
		1BC5939925F21802005910CF /* Debug */ = {
			isa = XCBuildConfiguration;
			buildSettings = {
				ASSETCATALOG_COMPILER_APPICON_NAME = AppIcon;
				CODE_SIGN_STYLE = Automatic;
				DEVELOPMENT_TEAM = Q7JR49YNMW;
				INFOPLIST_FILE = customdrawing/Info.plist;
				LD_RUNPATH_SEARCH_PATHS = (
					"$(inherited)",
					"@executable_path/Frameworks",
				);
				PRODUCT_BUNDLE_IDENTIFIER = com.ng.customdrawing;
				PRODUCT_NAME = "$(TARGET_NAME)";
				SWIFT_VERSION = 5.0;
				TARGETED_DEVICE_FAMILY = "1,2";
			};
			name = Debug;
		};
		1BC5939A25F21802005910CF /* Release */ = {
			isa = XCBuildConfiguration;
			buildSettings = {
				ASSETCATALOG_COMPILER_APPICON_NAME = AppIcon;
				CODE_SIGN_STYLE = Automatic;
				DEVELOPMENT_TEAM = Q7JR49YNMW;
				INFOPLIST_FILE = customdrawing/Info.plist;
				LD_RUNPATH_SEARCH_PATHS = (
					"$(inherited)",
					"@executable_path/Frameworks",
				);
				PRODUCT_BUNDLE_IDENTIFIER = com.ng.customdrawing;
				PRODUCT_NAME = "$(TARGET_NAME)";
				SWIFT_VERSION = 5.0;
				TARGETED_DEVICE_FAMILY = "1,2";
			};
			name = Release;
		};
/* End XCBuildConfiguration section */

/* Begin XCConfigurationList section */
		1BC5937F25F217FA005910CF /* Build configuration list for PBXProject "customdrawing" */ = {
			isa = XCConfigurationList;
			buildConfigurations = (
				1BC5939625F21802005910CF /* Debug */,
				1BC5939725F21802005910CF /* Release */,
			);
			defaultConfigurationIsVisible = 0;
			defaultConfigurationName = Release;
		};
		1BC5939825F21802005910CF /* Build configuration list for PBXNativeTarget "customdrawing" */ = {
			isa = XCConfigurationList;
			buildConfigurations = (
				1BC5939925F21802005910CF /* Debug */,
				1BC5939A25F21802005910CF /* Release */,
			);
			defaultConfigurationIsVisible = 0;
			defaultConfigurationName = Release;
		};
/* End XCConfigurationList section */
	};
	rootObject = 1BC5937C25F217FA005910CF /* Project object */;
}
